{
    "_meta": {
        "hash": {
            "sha256": "71b51f6dd6f88c4710b2de886058067b097eba34d25d38d595bf9189f6d777a0"
        },
        "pipfile-spec": 6,
        "requires": {
            "python_version": "3.12"
        },
        "sources": [
            {
                "name": "pypi",
                "url": "https://pypi.org/simple",
                "verify_ssl": true
            }
        ]
    },
    "default": {
        "python-avatars": {
            "hashes": [
                "sha256:133dc0e1dfd778f0287aa6b6697da2677aeb3ce985ebf908205068e963165b0e",
                "sha256:ef97b1f8ac23583367705f876fbbac1cc118435982532d882ccc788e95663722"
            ],
            "index": "pypi",
            "version": "==1.4.1"
        }
    },
    "develop": {}
}
